// !$*UTF8*$!
{
	archiveVersion = 1;
	classes = {
	};
	objectVersion = 46;
	objects = {

/* Begin PBXBuildFile section */
		DA8BA1A21C5F6762009363EF /* AppDelegate.swift in Sources */ = {isa = PBXBuildFile; fileRef = DA8BA1A11C5F6762009363EF /* AppDelegate.swift */; };
		DA8BA1A41C5F6762009363EF /* ViewController.swift in Sources */ = {isa = PBXBuildFile; fileRef = DA8BA1A31C5F6762009363EF /* ViewController.swift */; };
		DA8BA1A71C5F6762009363EF /* Main.storyboard in Resources */ = {isa = PBXBuildFile; fileRef = DA8BA1A51C5F6762009363EF /* Main.storyboard */; };
		DA8BA1AA1C5F6762009363EF /* keyb.xcdatamodeld in Sources */ = {isa = PBXBuildFile; fileRef = DA8BA1A81C5F6762009363EF /* keyb.xcdatamodeld */; };
		DA8BA1AC1C5F6762009363EF /* Assets.xcassets in Resources */ = {isa = PBXBuildFile; fileRef = DA8BA1AB1C5F6762009363EF /* Assets.xcassets */; };
		DA8BA1AF1C5F6762009363EF /* LaunchScreen.storyboard in Resources */ = {isa = PBXBuildFile; fileRef = DA8BA1AD1C5F6762009363EF /* LaunchScreen.storyboard */; };
		DA8BA1BD1C5F67C4009363EF /* KeyboardViewController.swift in Sources */ = {isa = PBXBuildFile; fileRef = DA8BA1BC1C5F67C4009363EF /* KeyboardViewController.swift */; };
		DA8BA1C11C5F67C4009363EF /* keyboard.appex in Embed App Extensions */ = {isa = PBXBuildFile; fileRef = DA8BA1BA1C5F67C4009363EF /* keyboard.appex */; settings = {ATTRIBUTES = (RemoveHeadersOnCopy, ); }; };
/* End PBXBuildFile section */

/* Begin PBXContainerItemProxy section */
		DA8BA1BF1C5F67C4009363EF /* PBXContainerItemProxy */ = {
			isa = PBXContainerItemProxy;
			containerPortal = DA8BA1961C5F6762009363EF /* Project object */;
			proxyType = 1;
			remoteGlobalIDString = DA8BA1B91C5F67C4009363EF;
			remoteInfo = keyboard;
		};
/* End PBXContainerItemProxy section */

/* Begin PBXCopyFilesBuildPhase section */
		DA8BA1C51C5F67C4009363EF /* Embed App Extensions */ = {
			isa = PBXCopyFilesBuildPhase;
			buildActionMask = 2147483647;
			dstPath = "";
			dstSubfolderSpec = 13;
			files = (
				DA8BA1C11C5F67C4009363EF /* keyboard.appex in Embed App Extensions */,
			);
			name = "Embed App Extensions";
			runOnlyForDeploymentPostprocessing = 0;
		};
/* End PBXCopyFilesBuildPhase section */

/* Begin PBXFileReference section */
		DA8BA19E1C5F6762009363EF /* keyb.app */ = {isa = PBXFileReference; explicitFileType = wrapper.application; includeInIndex = 0; path = keyb.app; sourceTree = BUILT_PRODUCTS_DIR; };
		DA8BA1A11C5F6762009363EF /* AppDelegate.swift */ = {isa = PBXFileReference; lastKnownFileType = sourcecode.swift; path = AppDelegate.swift; sourceTree = "<group>"; };
		DA8BA1A31C5F6762009363EF /* ViewController.swift */ = {isa = PBXFileReference; lastKnownFileType = sourcecode.swift; path = ViewController.swift; sourceTree = "<group>"; };
		DA8BA1A61C5F6762009363EF /* Base */ = {isa = PBXFileReference; lastKnownFileType = file.storyboard; name = Base; path = Base.lproj/Main.storyboard; sourceTree = "<group>"; };
		DA8BA1A91C5F6762009363EF /* keyb.xcdatamodel */ = {isa = PBXFileReference; lastKnownFileType = wrapper.xcdatamodel; path = keyb.xcdatamodel; sourceTree = "<group>"; };
		DA8BA1AB1C5F6762009363EF /* Assets.xcassets */ = {isa = PBXFileReference; lastKnownFileType = folder.assetcatalog; path = Assets.xcassets; sourceTree = "<group>"; };
		DA8BA1AE1C5F6762009363EF /* Base */ = {isa = PBXFileReference; lastKnownFileType = file.storyboard; name = Base; path = Base.lproj/LaunchScreen.storyboard; sourceTree = "<group>"; };
		DA8BA1B01C5F6762009363EF /* Info.plist */ = {isa = PBXFileReference; lastKnownFileType = text.plist.xml; path = Info.plist; sourceTree = "<group>"; };
		DA8BA1BA1C5F67C4009363EF /* keyboard.appex */ = {isa = PBXFileReference; explicitFileType = "wrapper.app-extension"; includeInIndex = 0; path = keyboard.appex; sourceTree = BUILT_PRODUCTS_DIR; };
		DA8BA1BC1C5F67C4009363EF /* KeyboardViewController.swift */ = {isa = PBXFileReference; lastKnownFileType = sourcecode.swift; path = KeyboardViewController.swift; sourceTree = "<group>"; };
		DA8BA1BE1C5F67C4009363EF /* Info.plist */ = {isa = PBXFileReference; lastKnownFileType = text.plist.xml; path = Info.plist; sourceTree = "<group>"; };
/* End PBXFileReference section */

/* Begin PBXFrameworksBuildPhase section */
		DA8BA19B1C5F6762009363EF /* Frameworks */ = {
			isa = PBXFrameworksBuildPhase;
			buildActionMask = 2147483647;
			files = (
			);
			runOnlyForDeploymentPostprocessing = 0;
		};
		DA8BA1B71C5F67C4009363EF /* Frameworks */ = {
			isa = PBXFrameworksBuildPhase;
			buildActionMask = 2147483647;
			files = (
			);
			runOnlyForDeploymentPostprocessing = 0;
		};
/* End PBXFrameworksBuildPhase section */

/* Begin PBXGroup section */
		DA8BA1951C5F6762009363EF = {
			isa = PBXGroup;
			children = (
				DA8BA1A01C5F6762009363EF /* keyb */,
				DA8BA1BB1C5F67C4009363EF /* keyboard */,
				DA8BA19F1C5F6762009363EF /* Products */,
			);
			sourceTree = "<group>";
		};
		DA8BA19F1C5F6762009363EF /* Products */ = {
			isa = PBXGroup;
			children = (
				DA8BA19E1C5F6762009363EF /* keyb.app */,
				DA8BA1BA1C5F67C4009363EF /* keyboard.appex */,
			);
			name = Products;
			sourceTree = "<group>";
		};
		DA8BA1A01C5F6762009363EF /* keyb */ = {
			isa = PBXGroup;
			children = (
				DA8BA1A11C5F6762009363EF /* AppDelegate.swift */,
				DA8BA1A31C5F6762009363EF /* ViewController.swift */,
				DA8BA1A51C5F6762009363EF /* Main.storyboard */,
				DA8BA1AB1C5F6762009363EF /* Assets.xcassets */,
				DA8BA1AD1C5F6762009363EF /* LaunchScreen.storyboard */,
				DA8BA1B01C5F6762009363EF /* Info.plist */,
				DA8BA1A81C5F6762009363EF /* keyb.xcdatamodeld */,
			);
			path = keyb;
			sourceTree = "<group>";
		};
		DA8BA1BB1C5F67C4009363EF /* keyboard */ = {
			isa = PBXGroup;
			children = (
				DA8BA1BC1C5F67C4009363EF /* KeyboardViewController.swift */,
				DA8BA1BE1C5F67C4009363EF /* Info.plist */,
			);
			path = keyboard;
			sourceTree = "<group>";
		};
/* End PBXGroup section */

/* Begin PBXNativeTarget section */
		DA8BA19D1C5F6762009363EF /* keyb */ = {
			isa = PBXNativeTarget;
			buildConfigurationList = DA8BA1B31C5F6762009363EF /* Build configuration list for PBXNativeTarget "keyb" */;
			buildPhases = (
				DA8BA19A1C5F6762009363EF /* Sources */,
				DA8BA19B1C5F6762009363EF /* Frameworks */,
				DA8BA19C1C5F6762009363EF /* Resources */,
				DA8BA1C51C5F67C4009363EF /* Embed App Extensions */,
			);
			buildRules = (
			);
			dependencies = (
				DA8BA1C01C5F67C4009363EF /* PBXTargetDependency */,
			);
			name = keyb;
			productName = keyb;
			productReference = DA8BA19E1C5F6762009363EF /* keyb.app */;
			productType = "com.apple.product-type.application";
		};
		DA8BA1B91C5F67C4009363EF /* keyboard */ = {
			isa = PBXNativeTarget;
			buildConfigurationList = DA8BA1C21C5F67C4009363EF /* Build configuration list for PBXNativeTarget "keyboard" */;
			buildPhases = (
				DA8BA1B61C5F67C4009363EF /* Sources */,
				DA8BA1B71C5F67C4009363EF /* Frameworks */,
				DA8BA1B81C5F67C4009363EF /* Resources */,
			);
			buildRules = (
			);
			dependencies = (
			);
			name = keyboard;
			productName = keyboard;
			productReference = DA8BA1BA1C5F67C4009363EF /* keyboard.appex */;
			productType = "com.apple.product-type.app-extension";
		};
/* End PBXNativeTarget section */

/* Begin PBXProject section */
		DA8BA1961C5F6762009363EF /* Project object */ = {
			isa = PBXProject;
			attributes = {
				LastSwiftUpdateCheck = 0720;
				LastUpgradeCheck = 0720;
				ORGANIZATIONNAME = Home;
				TargetAttributes = {
					DA8BA19D1C5F6762009363EF = {
						CreatedOnToolsVersion = 7.2;
						DevelopmentTeam = 3576WDCD7W;
						LastSwiftMigration = 0810;
					};
					DA8BA1B91C5F67C4009363EF = {
						CreatedOnToolsVersion = 7.2;
						DevelopmentTeam = 3576WDCD7W;
						LastSwiftMigration = 0810;
					};
				};
			};
			buildConfigurationList = DA8BA1991C5F6762009363EF /* Build configuration list for PBXProject "keyb" */;
			compatibilityVersion = "Xcode 3.2";
			developmentRegion = English;
			hasScannedForEncodings = 0;
			knownRegions = (
				en,
				Base,
			);
			mainGroup = DA8BA1951C5F6762009363EF;
			productRefGroup = DA8BA19F1C5F6762009363EF /* Products */;
			projectDirPath = "";
			projectRoot = "";
			targets = (
				DA8BA19D1C5F6762009363EF /* keyb */,
				DA8BA1B91C5F67C4009363EF /* keyboard */,
			);
		};
/* End PBXProject section */

/* Begin PBXResourcesBuildPhase section */
		DA8BA19C1C5F6762009363EF /* Resources */ = {
			isa = PBXResourcesBuildPhase;
			buildActionMask = 2147483647;
			files = (
				DA8BA1AF1C5F6762009363EF /* LaunchScreen.storyboard in Resources */,
				DA8BA1AC1C5F6762009363EF /* Assets.xcassets in Resources */,
				DA8BA1A71C5F6762009363EF /* Main.storyboard in Resources */,
			);
			runOnlyForDeploymentPostprocessing = 0;
		};
		DA8BA1B81C5F67C4009363EF /* Resources */ = {
			isa = PBXResourcesBuildPhase;
			buildActionMask = 2147483647;
			files = (
			);
			runOnlyForDeploymentPostprocessing = 0;
		};
/* End PBXResourcesBuildPhase section */

/* Begin PBXSourcesBuildPhase section */
		DA8BA19A1C5F6762009363EF /* Sources */ = {
			isa = PBXSourcesBuildPhase;
			buildActionMask = 2147483647;
			files = (
				DA8BA1AA1C5F6762009363EF /* keyb.xcdatamodeld in Sources */,
				DA8BA1A41C5F6762009363EF /* ViewController.swift in Sources */,
				DA8BA1A21C5F6762009363EF /* AppDelegate.swift in Sources */,
			);
			runOnlyForDeploymentPostprocessing = 0;
		};
		DA8BA1B61C5F67C4009363EF /* Sources */ = {
			isa = PBXSourcesBuildPhase;
			buildActionMask = 2147483647;
			files = (
				DA8BA1BD1C5F67C4009363EF /* KeyboardViewController.swift in Sources */,
			);
			runOnlyForDeploymentPostprocessing = 0;
		};
/* End PBXSourcesBuildPhase section */

/* Begin PBXTargetDependency section */
		DA8BA1C01C5F67C4009363EF /* PBXTargetDependency */ = {
			isa = PBXTargetDependency;
			target = DA8BA1B91C5F67C4009363EF /* keyboard */;
			targetProxy = DA8BA1BF1C5F67C4009363EF /* PBXContainerItemProxy */;
		};
/* End PBXTargetDependency section */

/* Begin PBXVariantGroup section */
		DA8BA1A51C5F6762009363EF /* Main.storyboard */ = {
			isa = PBXVariantGroup;
			children = (
				DA8BA1A61C5F6762009363EF /* Base */,
			);
			name = Main.storyboard;
			sourceTree = "<group>";
		};
		DA8BA1AD1C5F6762009363EF /* LaunchScreen.storyboard */ = {
			isa = PBXVariantGroup;
			children = (
				DA8BA1AE1C5F6762009363EF /* Base */,
			);
			name = LaunchScreen.storyboard;
			sourceTree = "<group>";
		};
/* End PBXVariantGroup section */

/* Begin XCBuildConfiguration section */
		DA8BA1B11C5F6762009363EF /* Debug */ = {
			isa = XCBuildConfiguration;
			buildSettings = {
				ALWAYS_SEARCH_USER_PATHS = NO;
				CLANG_CXX_LANGUAGE_STANDARD = "gnu++0x";
				CLANG_CXX_LIBRARY = "libc++";
				CLANG_ENABLE_MODULES = YES;
				CLANG_ENABLE_OBJC_ARC = YES;
				CLANG_WARN_BOOL_CONVERSION = YES;
				CLANG_WARN_CONSTANT_CONVERSION = YES;
				CLANG_WARN_DIRECT_OBJC_ISA_USAGE = YES_ERROR;
				CLANG_WARN_EMPTY_BODY = YES;
				CLANG_WARN_ENUM_CONVERSION = YES;
				CLANG_WARN_INT_CONVERSION = YES;
				CLANG_WARN_OBJC_ROOT_CLASS = YES_ERROR;
				CLANG_WARN_UNREACHABLE_CODE = YES;
				CLANG_WARN__DUPLICATE_METHOD_MATCH = YES;
				"CODE_SIGN_IDENTITY[sdk=iphoneos*]" = "iPhone Developer";
				COPY_PHASE_STRIP = NO;
				DEBUG_INFORMATION_FORMAT = dwarf;
				ENABLE_STRICT_OBJC_MSGSEND = YES;
				ENABLE_TESTABILITY = YES;
				GCC_C_LANGUAGE_STANDARD = gnu99;
				GCC_DYNAMIC_NO_PIC = NO;
				GCC_NO_COMMON_BLOCKS = YES;
				GCC_OPTIMIZATION_LEVEL = 0;
				GCC_PREPROCESSOR_DEFINITIONS = (
					"DEBUG=1",
					"$(inherited)",
				);
				GCC_WARN_64_TO_32_BIT_CONVERSION = YES;
				GCC_WARN_ABOUT_RETURN_TYPE = YES_ERROR;
				GCC_WARN_UNDECLARED_SELECTOR = YES;
				GCC_WARN_UNINITIALIZED_AUTOS = YES_AGGRESSIVE;
				GCC_WARN_UNUSED_FUNCTION = YES;
				GCC_WARN_UNUSED_VARIABLE = YES;
				IPHONEOS_DEPLOYMENT_TARGET = 9.2;
				MTL_ENABLE_DEBUG_INFO = YES;
				ONLY_ACTIVE_ARCH = YES;
				SDKROOT = iphoneos;
				SWIFT_OPTIMIZATION_LEVEL = "-Onone";
			};
			name = Debug;
		};
		DA8BA1B21C5F6762009363EF /* Release */ = {
			isa = XCBuildConfiguration;
			buildSettings = {
				ALWAYS_SEARCH_USER_PATHS = NO;
				CLANG_CXX_LANGUAGE_STANDARD = "gnu++0x";
				CLANG_CXX_LIBRARY = "libc++";
				CLANG_ENABLE_MODULES = YES;
				CLANG_ENABLE_OBJC_ARC = YES;
				CLANG_WARN_BOOL_CONVERSION = YES;
				CLANG_WARN_CONSTANT_CONVERSION = YES;
				CLANG_WARN_DIRECT_OBJC_ISA_USAGE = YES_ERROR;
				CLANG_WARN_EMPTY_BODY = YES;
				CLANG_WARN_ENUM_CONVERSION = YES;
				CLANG_WARN_INT_CONVERSION = YES;
				CLANG_WARN_OBJC_ROOT_CLASS = YES_ERROR;
				CLANG_WARN_UNREACHABLE_CODE = YES;
				CLANG_WARN__DUPLICATE_METHOD_MATCH = YES;
				"CODE_SIGN_IDENTITY[sdk=iphoneos*]" = "iPhone Developer";
				COPY_PHASE_STRIP = NO;
				DEBUG_INFORMATION_FORMAT = "dwarf-with-dsym";
				ENABLE_NS_ASSERTIONS = NO;
				ENABLE_STRICT_OBJC_MSGSEND = YES;
				GCC_C_LANGUAGE_STANDARD = gnu99;
				GCC_NO_COMMON_BLOCKS = YES;
				GCC_WARN_64_TO_32_BIT_CONVERSION = YES;
				GCC_WARN_ABOUT_RETURN_TYPE = YES_ERROR;
				GCC_WARN_UNDECLARED_SELECTOR = YES;
				GCC_WARN_UNINITIALIZED_AUTOS = YES_AGGRESSIVE;
				GCC_WARN_UNUSED_FUNCTION = YES;
				GCC_WARN_UNUSED_VARIABLE = YES;
				IPHONEOS_DEPLOYMENT_TARGET = 9.2;
				MTL_ENABLE_DEBUG_INFO = NO;
				SDKROOT = iphoneos;
				VALIDATE_PRODUCT = YES;
			};
			name = Release;
		};
		DA8BA1B41C5F6762009363EF /* Debug */ = {
			isa = XCBuildConfiguration;
			buildSettings = {
				ASSETCATALOG_COMPILER_APPICON_NAME = AppIcon;
				EMBEDDED_CONTENT_CONTAINS_SWIFT = YES;
				INFOPLIST_FILE = keyb/Info.plist;
				LD_RUNPATH_SEARCH_PATHS = "$(inherited) @executable_path/Frameworks";
				PRODUCT_BUNDLE_IDENTIFIER = home.keyb;
				PRODUCT_NAME = "$(TARGET_NAME)";
				SWIFT_VERSION = 2.3;
			};
			name = Debug;
		};
		DA8BA1B51C5F6762009363EF /* Release */ = {
			isa = XCBuildConfiguration;
			buildSettings = {
				ASSETCATALOG_COMPILER_APPICON_NAME = AppIcon;
				EMBEDDED_CONTENT_CONTAINS_SWIFT = YES;
				INFOPLIST_FILE = keyb/Info.plist;
				LD_RUNPATH_SEARCH_PATHS = "$(inherited) @executable_path/Frameworks";
				PRODUCT_BUNDLE_IDENTIFIER = home.keyb;
				PRODUCT_NAME = "$(TARGET_NAME)";
				SWIFT_VERSION = 2.3;
			};
			name = Release;
		};
		DA8BA1C31C5F67C4009363EF /* Debug */ = {
			isa = XCBuildConfiguration;
			buildSettings = {
				INFOPLIST_FILE = keyboard/Info.plist;
				LD_RUNPATH_SEARCH_PATHS = "$(inherited) @executable_path/Frameworks @executable_path/../../Frameworks";
				PRODUCT_BUNDLE_IDENTIFIER = home.keyb.keyboard;
				PRODUCT_NAME = "$(TARGET_NAME)";
				SKIP_INSTALL = YES;
				SWIFT_VERSION = 2.3;
			};
			name = Debug;
		};
		DA8BA1C41C5F67C4009363EF /* Release */ = {
			isa = XCBuildConfiguration;
			buildSettings = {
				INFOPLIST_FILE = keyboard/Info.plist;
				LD_RUNPATH_SEARCH_PATHS = "$(inherited) @executable_path/Frameworks @executable_path/../../Frameworks";
				PRODUCT_BUNDLE_IDENTIFIER = home.keyb.keyboard;
				PRODUCT_NAME = "$(TARGET_NAME)";
				SKIP_INSTALL = YES;
				SWIFT_VERSION = 2.3;
			};
			name = Release;
		};
/* End XCBuildConfiguration section */

/* Begin XCConfigurationList section */
		DA8BA1991C5F6762009363EF /* Build configuration list for PBXProject "keyb" */ = {
			isa = XCConfigurationList;
			buildConfigurations = (
				DA8BA1B11C5F6762009363EF /* Debug */,
				DA8BA1B21C5F6762009363EF /* Release */,
			);
			defaultConfigurationIsVisible = 0;
			defaultConfigurationName = Release;
		};
		DA8BA1B31C5F6762009363EF /* Build configuration list for PBXNativeTarget "keyb" */ = {
			isa = XCConfigurationList;
			buildConfigurations = (
				DA8BA1B41C5F6762009363EF /* Debug */,
				DA8BA1B51C5F6762009363EF /* Release */,
			);
			defaultConfigurationIsVisible = 0;
			defaultConfigurationName = Release;
		};
		DA8BA1C21C5F67C4009363EF /* Build configuration list for PBXNativeTarget "keyboard" */ = {
			isa = XCConfigurationList;
			buildConfigurations = (
				DA8BA1C31C5F67C4009363EF /* Debug */,
				DA8BA1C41C5F67C4009363EF /* Release */,
			);
			defaultConfigurationIsVisible = 0;
			defaultConfigurationName = Release;
		};
/* End XCConfigurationList section */

/* Begin XCVersionGroup section */
		DA8BA1A81C5F6762009363EF /* keyb.xcdatamodeld */ = {
			isa = XCVersionGroup;
			children = (
				DA8BA1A91C5F6762009363EF /* keyb.xcdatamodel */,
			);
			currentVersion = DA8BA1A91C5F6762009363EF /* keyb.xcdatamodel */;
			path = keyb.xcdatamodeld;
			sourceTree = "<group>";
			versionGroupType = wrapper.xcdatamodel;
		};
/* End XCVersionGroup section */
	};
	rootObject = DA8BA1961C5F6762009363EF /* Project object */;
}
